// !$*UTF8*$!
{
	archiveVersion = 1;
	classes = {
	};
	objectVersion = 56;
	objects = {

/* Begin PBXBuildFile section */
		9471FBF22AC49FAD00E9A44E /* messengerCloneAppApp.swift in Sources */ = {isa = PBXBuildFile; fileRef = 9471FBF12AC49FAD00E9A44E /* messengerCloneAppApp.swift */; };
		9471FBF42AC49FAD00E9A44E /* ContentView.swift in Sources */ = {isa = PBXBuildFile; fileRef = 9471FBF32AC49FAD00E9A44E /* ContentView.swift */; };
		9471FBF62AC49FB200E9A44E /* Assets.xcassets in Resources */ = {isa = PBXBuildFile; fileRef = 9471FBF52AC49FB200E9A44E /* Assets.xcassets */; };
		9471FBF92AC49FB200E9A44E /* Preview Assets.xcassets in Resources */ = {isa = PBXBuildFile; fileRef = 9471FBF82AC49FB200E9A44E /* Preview Assets.xcassets */; };
		9471FC082AC4A13000E9A44E /* LoginView.swift in Sources */ = {isa = PBXBuildFile; fileRef = 9471FC072AC4A13000E9A44E /* LoginView.swift */; };
/* End PBXBuildFile section */

/* Begin PBXFileReference section */
		9471FBEE2AC49FAD00E9A44E /* messengerCloneApp.app */ = {isa = PBXFileReference; explicitFileType = wrapper.application; includeInIndex = 0; path = messengerCloneApp.app; sourceTree = BUILT_PRODUCTS_DIR; };
		9471FBF12AC49FAD00E9A44E /* messengerCloneAppApp.swift */ = {isa = PBXFileReference; lastKnownFileType = sourcecode.swift; path = messengerCloneAppApp.swift; sourceTree = "<group>"; };
		9471FBF32AC49FAD00E9A44E /* ContentView.swift */ = {isa = PBXFileReference; lastKnownFileType = sourcecode.swift; path = ContentView.swift; sourceTree = "<group>"; };
		9471FBF52AC49FB200E9A44E /* Assets.xcassets */ = {isa = PBXFileReference; lastKnownFileType = folder.assetcatalog; path = Assets.xcassets; sourceTree = "<group>"; };
		9471FBF82AC49FB200E9A44E /* Preview Assets.xcassets */ = {isa = PBXFileReference; lastKnownFileType = folder.assetcatalog; path = "Preview Assets.xcassets"; sourceTree = "<group>"; };
		9471FC072AC4A13000E9A44E /* LoginView.swift */ = {isa = PBXFileReference; lastKnownFileType = sourcecode.swift; path = LoginView.swift; sourceTree = "<group>"; };
/* End PBXFileReference section */

/* Begin PBXFrameworksBuildPhase section */
		9471FBEB2AC49FAD00E9A44E /* Frameworks */ = {
			isa = PBXFrameworksBuildPhase;
			buildActionMask = 2147483647;
			files = (
			);
			runOnlyForDeploymentPostprocessing = 0;
		};
/* End PBXFrameworksBuildPhase section */

/* Begin PBXGroup section */
		9471FBE52AC49FAD00E9A44E = {
			isa = PBXGroup;
			children = (
				9471FBF02AC49FAD00E9A44E /* messengerCloneApp */,
				9471FBEF2AC49FAD00E9A44E /* Products */,
			);
			sourceTree = "<group>";
		};
		9471FBEF2AC49FAD00E9A44E /* Products */ = {
			isa = PBXGroup;
			children = (
				9471FBEE2AC49FAD00E9A44E /* messengerCloneApp.app */,
			);
			name = Products;
			sourceTree = "<group>";
		};
		9471FBF02AC49FAD00E9A44E /* messengerCloneApp */ = {
			isa = PBXGroup;
			children = (
				9471FC032AC4A0C700E9A44E /* Extensions */,
				9471FC022AC49FF400E9A44E /* App */,
				9471FC012AC49FF100E9A44E /* Core */,
				9471FC002AC49FEF00E9A44E /* Model */,
				9471FBFF2AC49FEB00E9A44E /* Service */,
				9471FBF32AC49FAD00E9A44E /* ContentView.swift */,
				9471FBF52AC49FB200E9A44E /* Assets.xcassets */,
				9471FBF72AC49FB200E9A44E /* Preview Content */,
			);
			path = messengerCloneApp;
			sourceTree = "<group>";
		};
		9471FBF72AC49FB200E9A44E /* Preview Content */ = {
			isa = PBXGroup;
			children = (
				9471FBF82AC49FB200E9A44E /* Preview Assets.xcassets */,
			);
			path = "Preview Content";
			sourceTree = "<group>";
		};
		9471FBFF2AC49FEB00E9A44E /* Service */ = {
			isa = PBXGroup;
			children = (
			);
			path = Service;
			sourceTree = "<group>";
		};
		9471FC002AC49FEF00E9A44E /* Model */ = {
			isa = PBXGroup;
			children = (
			);
			path = Model;
			sourceTree = "<group>";
		};
		9471FC012AC49FF100E9A44E /* Core */ = {
			isa = PBXGroup;
			children = (
				9471FC052AC4A10200E9A44E /* Root */,
				9471FC042AC4A0F400E9A44E /* Autentication */,
			);
			path = Core;
			sourceTree = "<group>";
		};
		9471FC022AC49FF400E9A44E /* App */ = {
			isa = PBXGroup;
			children = (
				9471FBF12AC49FAD00E9A44E /* messengerCloneAppApp.swift */,
			);
			path = App;
			sourceTree = "<group>";
		};
		9471FC032AC4A0C700E9A44E /* Extensions */ = {
			isa = PBXGroup;
			children = (
			);
			path = Extensions;
			sourceTree = "<group>";
		};
		9471FC042AC4A0F400E9A44E /* Autentication */ = {
			isa = PBXGroup;
			children = (
				9471FC062AC4A11C00E9A44E /* View */,
			);
			path = Autentication;
			sourceTree = "<group>";
		};
		9471FC052AC4A10200E9A44E /* Root */ = {
			isa = PBXGroup;
			children = (
			);
			path = Root;
			sourceTree = "<group>";
		};
		9471FC062AC4A11C00E9A44E /* View */ = {
			isa = PBXGroup;
			children = (
				9471FC072AC4A13000E9A44E /* LoginView.swift */,
			);
			path = View;
			sourceTree = "<group>";
		};
/* End PBXGroup section */

/* Begin PBXNativeTarget section */
		9471FBED2AC49FAD00E9A44E /* messengerCloneApp */ = {
			isa = PBXNativeTarget;
			buildConfigurationList = 9471FBFC2AC49FB200E9A44E /* Build configuration list for PBXNativeTarget "messengerCloneApp" */;
			buildPhases = (
				9471FBEA2AC49FAD00E9A44E /* Sources */,
				9471FBEB2AC49FAD00E9A44E /* Frameworks */,
				9471FBEC2AC49FAD00E9A44E /* Resources */,
			);
			buildRules = (
			);
			dependencies = (
			);
			name = messengerCloneApp;
			productName = messengerCloneApp;
			productReference = 9471FBEE2AC49FAD00E9A44E /* messengerCloneApp.app */;
			productType = "com.apple.product-type.application";
		};
/* End PBXNativeTarget section */

/* Begin PBXProject section */
		9471FBE62AC49FAD00E9A44E /* Project object */ = {
			isa = PBXProject;
			attributes = {
				BuildIndependentTargetsInParallel = 1;
				LastSwiftUpdateCheck = 1500;
				LastUpgradeCheck = 1500;
				TargetAttributes = {
					9471FBED2AC49FAD00E9A44E = {
						CreatedOnToolsVersion = 15.0;
					};
				};
			};
			buildConfigurationList = 9471FBE92AC49FAD00E9A44E /* Build configuration list for PBXProject "messengerCloneApp" */;
			compatibilityVersion = "Xcode 14.0";
			developmentRegion = en;
			hasScannedForEncodings = 0;
			knownRegions = (
				en,
				Base,
			);
			mainGroup = 9471FBE52AC49FAD00E9A44E;
			productRefGroup = 9471FBEF2AC49FAD00E9A44E /* Products */;
			projectDirPath = "";
			projectRoot = "";
			targets = (
				9471FBED2AC49FAD00E9A44E /* messengerCloneApp */,
			);
		};
/* End PBXProject section */

/* Begin PBXResourcesBuildPhase section */
		9471FBEC2AC49FAD00E9A44E /* Resources */ = {
			isa = PBXResourcesBuildPhase;
			buildActionMask = 2147483647;
			files = (
				9471FBF92AC49FB200E9A44E /* Preview Assets.xcassets in Resources */,
				9471FBF62AC49FB200E9A44E /* Assets.xcassets in Resources */,
			);
			runOnlyForDeploymentPostprocessing = 0;
		};
/* End PBXResourcesBuildPhase section */

/* Begin PBXSourcesBuildPhase section */
		9471FBEA2AC49FAD00E9A44E /* Sources */ = {
			isa = PBXSourcesBuildPhase;
			buildActionMask = 2147483647;
			files = (
				9471FC082AC4A13000E9A44E /* LoginView.swift in Sources */,
				9471FBF42AC49FAD00E9A44E /* ContentView.swift in Sources */,
				9471FBF22AC49FAD00E9A44E /* messengerCloneAppApp.swift in Sources */,
			);
			runOnlyForDeploymentPostprocessing = 0;
		};
/* End PBXSourcesBuildPhase section */

/* Begin XCBuildConfiguration section */
		9471FBFA2AC49FB200E9A44E /* Debug */ = {
			isa = XCBuildConfiguration;
			buildSettings = {
				ALWAYS_SEARCH_USER_PATHS = NO;
				ASSETCATALOG_COMPILER_GENERATE_SWIFT_ASSET_SYMBOL_EXTENSIONS = YES;
				CLANG_ANALYZER_NONNULL = YES;
				CLANG_ANALYZER_NUMBER_OBJECT_CONVERSION = YES_AGGRESSIVE;
				CLANG_CXX_LANGUAGE_STANDARD = "gnu++20";
				CLANG_ENABLE_MODULES = YES;
				CLANG_ENABLE_OBJC_ARC = YES;
				CLANG_ENABLE_OBJC_WEAK = YES;
				CLANG_WARN_BLOCK_CAPTURE_AUTORELEASING = YES;
				CLANG_WARN_BOOL_CONVERSION = YES;
				CLANG_WARN_COMMA = YES;
				CLANG_WARN_CONSTANT_CONVERSION = YES;
				CLANG_WARN_DEPRECATED_OBJC_IMPLEMENTATIONS = YES;
				CLANG_WARN_DIRECT_OBJC_ISA_USAGE = YES_ERROR;
				CLANG_WARN_DOCUMENTATION_COMMENTS = YES;
				CLANG_WARN_EMPTY_BODY = YES;
				CLANG_WARN_ENUM_CONVERSION = YES;
				CLANG_WARN_INFINITE_RECURSION = YES;
				CLANG_WARN_INT_CONVERSION = YES;
				CLANG_WARN_NON_LITERAL_NULL_CONVERSION = YES;
				CLANG_WARN_OBJC_IMPLICIT_RETAIN_SELF = YES;
				CLANG_WARN_OBJC_LITERAL_CONVERSION = YES;
				CLANG_WARN_OBJC_ROOT_CLASS = YES_ERROR;
				CLANG_WARN_QUOTED_INCLUDE_IN_FRAMEWORK_HEADER = YES;
				CLANG_WARN_RANGE_LOOP_ANALYSIS = YES;
				CLANG_WARN_STRICT_PROTOTYPES = YES;
				CLANG_WARN_SUSPICIOUS_MOVE = YES;
				CLANG_WARN_UNGUARDED_AVAILABILITY = YES_AGGRESSIVE;
				CLANG_WARN_UNREACHABLE_CODE = YES;
				CLANG_WARN__DUPLICATE_METHOD_MATCH = YES;
				COPY_PHASE_STRIP = NO;
				DEBUG_INFORMATION_FORMAT = dwarf;
				ENABLE_STRICT_OBJC_MSGSEND = YES;
				ENABLE_TESTABILITY = YES;
				ENABLE_USER_SCRIPT_SANDBOXING = YES;
				GCC_C_LANGUAGE_STANDARD = gnu17;
				GCC_DYNAMIC_NO_PIC = NO;
				GCC_NO_COMMON_BLOCKS = YES;
				GCC_OPTIMIZATION_LEVEL = 0;
				GCC_PREPROCESSOR_DEFINITIONS = (
					"DEBUG=1",
					"$(inherited)",
				);
				GCC_WARN_64_TO_32_BIT_CONVERSION = YES;
				GCC_WARN_ABOUT_RETURN_TYPE = YES_ERROR;
				GCC_WARN_UNDECLARED_SELECTOR = YES;
				GCC_WARN_UNINITIALIZED_AUTOS = YES_AGGRESSIVE;
				GCC_WARN_UNUSED_FUNCTION = YES;
				GCC_WARN_UNUSED_VARIABLE = YES;
				IPHONEOS_DEPLOYMENT_TARGET = 17.0;
				LOCALIZATION_PREFERS_STRING_CATALOGS = YES;
				MTL_ENABLE_DEBUG_INFO = INCLUDE_SOURCE;
				MTL_FAST_MATH = YES;
				ONLY_ACTIVE_ARCH = YES;
				SDKROOT = iphoneos;
				SWIFT_ACTIVE_COMPILATION_CONDITIONS = "DEBUG $(inherited)";
				SWIFT_OPTIMIZATION_LEVEL = "-Onone";
			};
			name = Debug;
		};
		9471FBFB2AC49FB200E9A44E /* Release */ = {
			isa = XCBuildConfiguration;
			buildSettings = {
				ALWAYS_SEARCH_USER_PATHS = NO;
				ASSETCATALOG_COMPILER_GENERATE_SWIFT_ASSET_SYMBOL_EXTENSIONS = YES;
				CLANG_ANALYZER_NONNULL = YES;
				CLANG_ANALYZER_NUMBER_OBJECT_CONVERSION = YES_AGGRESSIVE;
				CLANG_CXX_LANGUAGE_STANDARD = "gnu++20";
				CLANG_ENABLE_MODULES = YES;
				CLANG_ENABLE_OBJC_ARC = YES;
				CLANG_ENABLE_OBJC_WEAK = YES;
				CLANG_WARN_BLOCK_CAPTURE_AUTORELEASING = YES;
				CLANG_WARN_BOOL_CONVERSION = YES;
				CLANG_WARN_COMMA = YES;
				CLANG_WARN_CONSTANT_CONVERSION = YES;
				CLANG_WARN_DEPRECATED_OBJC_IMPLEMENTATIONS = YES;
				CLANG_WARN_DIRECT_OBJC_ISA_USAGE = YES_ERROR;
				CLANG_WARN_DOCUMENTATION_COMMENTS = YES;
				CLANG_WARN_EMPTY_BODY = YES;
				CLANG_WARN_ENUM_CONVERSION = YES;
				CLANG_WARN_INFINITE_RECURSION = YES;
				CLANG_WARN_INT_CONVERSION = YES;
				CLANG_WARN_NON_LITERAL_NULL_CONVERSION = YES;
				CLANG_WARN_OBJC_IMPLICIT_RETAIN_SELF = YES;
				CLANG_WARN_OBJC_LITERAL_CONVERSION = YES;
				CLANG_WARN_OBJC_ROOT_CLASS = YES_ERROR;
				CLANG_WARN_QUOTED_INCLUDE_IN_FRAMEWORK_HEADER = YES;
				CLANG_WARN_RANGE_LOOP_ANALYSIS = YES;
				CLANG_WARN_STRICT_PROTOTYPES = YES;
				CLANG_WARN_SUSPICIOUS_MOVE = YES;
				CLANG_WARN_UNGUARDED_AVAILABILITY = YES_AGGRESSIVE;
				CLANG_WARN_UNREACHABLE_CODE = YES;
				CLANG_WARN__DUPLICATE_METHOD_MATCH = YES;
				COPY_PHASE_STRIP = NO;
				DEBUG_INFORMATION_FORMAT = "dwarf-with-dsym";
				ENABLE_NS_ASSERTIONS = NO;
				ENABLE_STRICT_OBJC_MSGSEND = YES;
				ENABLE_USER_SCRIPT_SANDBOXING = YES;
				GCC_C_LANGUAGE_STANDARD = gnu17;
				GCC_NO_COMMON_BLOCKS = YES;
				GCC_WARN_64_TO_32_BIT_CONVERSION = YES;
				GCC_WARN_ABOUT_RETURN_TYPE = YES_ERROR;
				GCC_WARN_UNDECLARED_SELECTOR = YES;
				GCC_WARN_UNINITIALIZED_AUTOS = YES_AGGRESSIVE;
				GCC_WARN_UNUSED_FUNCTION = YES;
				GCC_WARN_UNUSED_VARIABLE = YES;
				IPHONEOS_DEPLOYMENT_TARGET = 17.0;
				LOCALIZATION_PREFERS_STRING_CATALOGS = YES;
				MTL_ENABLE_DEBUG_INFO = NO;
				MTL_FAST_MATH = YES;
				SDKROOT = iphoneos;
				SWIFT_COMPILATION_MODE = wholemodule;
				VALIDATE_PRODUCT = YES;
			};
			name = Release;
		};
		9471FBFD2AC49FB200E9A44E /* Debug */ = {
			isa = XCBuildConfiguration;
			buildSettings = {
				ASSETCATALOG_COMPILER_APPICON_NAME = AppIcon;
				ASSETCATALOG_COMPILER_GLOBAL_ACCENT_COLOR_NAME = AccentColor;
				CODE_SIGN_STYLE = Automatic;
				CURRENT_PROJECT_VERSION = 1;
				DEVELOPMENT_ASSET_PATHS = "\"messengerCloneApp/Preview Content\"";
				ENABLE_PREVIEWS = YES;
				GENERATE_INFOPLIST_FILE = YES;
				INFOPLIST_KEY_UIApplicationSceneManifest_Generation = YES;
				INFOPLIST_KEY_UIApplicationSupportsIndirectInputEvents = YES;
				INFOPLIST_KEY_UILaunchScreen_Generation = YES;
				INFOPLIST_KEY_UISupportedInterfaceOrientations_iPad = "UIInterfaceOrientationPortrait UIInterfaceOrientationPortraitUpsideDown UIInterfaceOrientationLandscapeLeft UIInterfaceOrientationLandscapeRight";
				INFOPLIST_KEY_UISupportedInterfaceOrientations_iPhone = "UIInterfaceOrientationPortrait UIInterfaceOrientationLandscapeLeft UIInterfaceOrientationLandscapeRight";
				LD_RUNPATH_SEARCH_PATHS = (
					"$(inherited)",
					"@executable_path/Frameworks",
				);
				MARKETING_VERSION = 1.0;
				PRODUCT_BUNDLE_IDENTIFIER = com.lucasnewlands.messengerCloneApp;
				PRODUCT_NAME = "$(TARGET_NAME)";
				SWIFT_EMIT_LOC_STRINGS = YES;
				SWIFT_VERSION = 5.0;
				TARGETED_DEVICE_FAMILY = "1,2";
			};
			name = Debug;
		};
		9471FBFE2AC49FB200E9A44E /* Release */ = {
			isa = XCBuildConfiguration;
			buildSettings = {
				ASSETCATALOG_COMPILER_APPICON_NAME = AppIcon;
				ASSETCATALOG_COMPILER_GLOBAL_ACCENT_COLOR_NAME = AccentColor;
				CODE_SIGN_STYLE = Automatic;
				CURRENT_PROJECT_VERSION = 1;
				DEVELOPMENT_ASSET_PATHS = "\"messengerCloneApp/Preview Content\"";
				ENABLE_PREVIEWS = YES;
				GENERATE_INFOPLIST_FILE = YES;
				INFOPLIST_KEY_UIApplicationSceneManifest_Generation = YES;
				INFOPLIST_KEY_UIApplicationSupportsIndirectInputEvents = YES;
				INFOPLIST_KEY_UILaunchScreen_Generation = YES;
				INFOPLIST_KEY_UISupportedInterfaceOrientations_iPad = "UIInterfaceOrientationPortrait UIInterfaceOrientationPortraitUpsideDown UIInterfaceOrientationLandscapeLeft UIInterfaceOrientationLandscapeRight";
				INFOPLIST_KEY_UISupportedInterfaceOrientations_iPhone = "UIInterfaceOrientationPortrait UIInterfaceOrientationLandscapeLeft UIInterfaceOrientationLandscapeRight";
				LD_RUNPATH_SEARCH_PATHS = (
					"$(inherited)",
					"@executable_path/Frameworks",
				);
				MARKETING_VERSION = 1.0;
				PRODUCT_BUNDLE_IDENTIFIER = com.lucasnewlands.messengerCloneApp;
				PRODUCT_NAME = "$(TARGET_NAME)";
				SWIFT_EMIT_LOC_STRINGS = YES;
				SWIFT_VERSION = 5.0;
				TARGETED_DEVICE_FAMILY = "1,2";
			};
			name = Release;
		};
/* End XCBuildConfiguration section */

/* Begin XCConfigurationList section */
		9471FBE92AC49FAD00E9A44E /* Build configuration list for PBXProject "messengerCloneApp" */ = {
			isa = XCConfigurationList;
			buildConfigurations = (
				9471FBFA2AC49FB200E9A44E /* Debug */,
				9471FBFB2AC49FB200E9A44E /* Release */,
			);
			defaultConfigurationIsVisible = 0;
			defaultConfigurationName = Release;
		};
		9471FBFC2AC49FB200E9A44E /* Build configuration list for PBXNativeTarget "messengerCloneApp" */ = {
			isa = XCConfigurationList;
			buildConfigurations = (
				9471FBFD2AC49FB200E9A44E /* Debug */,
				9471FBFE2AC49FB200E9A44E /* Release */,
			);
			defaultConfigurationIsVisible = 0;
			defaultConfigurationName = Release;
		};
/* End XCConfigurationList section */
	};
	rootObject = 9471FBE62AC49FAD00E9A44E /* Project object */;
}
